// !$*UTF8*$!
{
	archiveVersion = 1;
	classes = {
	};
	objectVersion = 46;
	objects = {

/* Begin PBXBuildFile section */
		8D7CB1B31BDF9A4600D282C2 /* main.m in Sources */ = {isa = PBXBuildFile; fileRef = 8D7CB1B21BDF9A4600D282C2 /* main.m */; };
		8D7CB1B61BDF9A4600D282C2 /* AppDelegate.m in Sources */ = {isa = PBXBuildFile; fileRef = 8D7CB1B51BDF9A4600D282C2 /* AppDelegate.m */; };
		8D7CB1B91BDF9A4600D282C2 /* ViewController.m in Sources */ = {isa = PBXBuildFile; fileRef = 8D7CB1B81BDF9A4600D282C2 /* ViewController.m */; };
		8D7CB1BC1BDF9A4600D282C2 /* Main.storyboard in Resources */ = {isa = PBXBuildFile; fileRef = 8D7CB1BA1BDF9A4600D282C2 /* Main.storyboard */; };
		8D7CB1BE1BDF9A4600D282C2 /* Images.xcassets in Resources */ = {isa = PBXBuildFile; fileRef = 8D7CB1BD1BDF9A4600D282C2 /* Images.xcassets */; };
		8D7CB1C11BDF9A4600D282C2 /* LaunchScreen.xib in Resources */ = {isa = PBXBuildFile; fileRef = 8D7CB1BF1BDF9A4600D282C2 /* LaunchScreen.xib */; };
		8D7CB1CD1BDF9A4600D282C2 /* _2_______Tests.m in Sources */ = {isa = PBXBuildFile; fileRef = 8D7CB1CC1BDF9A4600D282C2 /* _2_______Tests.m */; };
/* End PBXBuildFile section */

/* Begin PBXContainerItemProxy section */
		8D7CB1C71BDF9A4600D282C2 /* PBXContainerItemProxy */ = {
			isa = PBXContainerItemProxy;
			containerPortal = 8D7CB1A51BDF9A4600D282C2 /* Project object */;
			proxyType = 1;
			remoteGlobalIDString = 8D7CB1AC1BDF9A4600D282C2;
			remoteInfo = "02按钮的使用介绍";
		};
/* End PBXContainerItemProxy section */

/* Begin PBXFileReference section */
		8D7CB1AD1BDF9A4600D282C2 /* 02按钮的使用介绍.app */ = {isa = PBXFileReference; explicitFileType = wrapper.application; includeInIndex = 0; path = "02按钮的使用介绍.app"; sourceTree = BUILT_PRODUCTS_DIR; };
		8D7CB1B11BDF9A4600D282C2 /* Info.plist */ = {isa = PBXFileReference; lastKnownFileType = text.plist.xml; path = Info.plist; sourceTree = "<group>"; };
		8D7CB1B21BDF9A4600D282C2 /* main.m */ = {isa = PBXFileReference; lastKnownFileType = sourcecode.c.objc; path = main.m; sourceTree = "<group>"; };
		8D7CB1B41BDF9A4600D282C2 /* AppDelegate.h */ = {isa = PBXFileReference; lastKnownFileType = sourcecode.c.h; path = AppDelegate.h; sourceTree = "<group>"; };
		8D7CB1B51BDF9A4600D282C2 /* AppDelegate.m */ = {isa = PBXFileReference; lastKnownFileType = sourcecode.c.objc; path = AppDelegate.m; sourceTree = "<group>"; };
		8D7CB1B71BDF9A4600D282C2 /* ViewController.h */ = {isa = PBXFileReference; lastKnownFileType = sourcecode.c.h; path = ViewController.h; sourceTree = "<group>"; };
		8D7CB1B81BDF9A4600D282C2 /* ViewController.m */ = {isa = PBXFileReference; lastKnownFileType = sourcecode.c.objc; path = ViewController.m; sourceTree = "<group>"; };
		8D7CB1BB1BDF9A4600D282C2 /* Base */ = {isa = PBXFileReference; lastKnownFileType = file.storyboard; name = Base; path = Base.lproj/Main.storyboard; sourceTree = "<group>"; };
		8D7CB1BD1BDF9A4600D282C2 /* Images.xcassets */ = {isa = PBXFileReference; lastKnownFileType = folder.assetcatalog; path = Images.xcassets; sourceTree = "<group>"; };
		8D7CB1C01BDF9A4600D282C2 /* Base */ = {isa = PBXFileReference; lastKnownFileType = file.xib; name = Base; path = Base.lproj/LaunchScreen.xib; sourceTree = "<group>"; };
		8D7CB1C61BDF9A4600D282C2 /* 02按钮的使用介绍Tests.xctest */ = {isa = PBXFileReference; explicitFileType = wrapper.cfbundle; includeInIndex = 0; path = "02按钮的使用介绍Tests.xctest"; sourceTree = BUILT_PRODUCTS_DIR; };
		8D7CB1CB1BDF9A4600D282C2 /* Info.plist */ = {isa = PBXFileReference; lastKnownFileType = text.plist.xml; path = Info.plist; sourceTree = "<group>"; };
		8D7CB1CC1BDF9A4600D282C2 /* _2_______Tests.m */ = {isa = PBXFileReference; lastKnownFileType = sourcecode.c.objc; path = "_2_______Tests.m"; sourceTree = "<group>"; };
/* End PBXFileReference section */

/* Begin PBXFrameworksBuildPhase section */
		8D7CB1AA1BDF9A4600D282C2 /* Frameworks */ = {
			isa = PBXFrameworksBuildPhase;
			buildActionMask = 2147483647;
			files = (
			);
			runOnlyForDeploymentPostprocessing = 0;
		};
		8D7CB1C31BDF9A4600D282C2 /* Frameworks */ = {
			isa = PBXFrameworksBuildPhase;
			buildActionMask = 2147483647;
			files = (
			);
			runOnlyForDeploymentPostprocessing = 0;
		};
/* End PBXFrameworksBuildPhase section */

/* Begin PBXGroup section */
		8D7CB1A41BDF9A4600D282C2 = {
			isa = PBXGroup;
			children = (
				8D7CB1AF1BDF9A4600D282C2 /* 02按钮的使用介绍 */,
				8D7CB1C91BDF9A4600D282C2 /* 02按钮的使用介绍Tests */,
				8D7CB1AE1BDF9A4600D282C2 /* Products */,
			);
			sourceTree = "<group>";
		};
		8D7CB1AE1BDF9A4600D282C2 /* Products */ = {
			isa = PBXGroup;
			children = (
				8D7CB1AD1BDF9A4600D282C2 /* 02按钮的使用介绍.app */,
				8D7CB1C61BDF9A4600D282C2 /* 02按钮的使用介绍Tests.xctest */,
			);
			name = Products;
			sourceTree = "<group>";
		};
		8D7CB1AF1BDF9A4600D282C2 /* 02按钮的使用介绍 */ = {
			isa = PBXGroup;
			children = (
				8D7CB1B41BDF9A4600D282C2 /* AppDelegate.h */,
				8D7CB1B51BDF9A4600D282C2 /* AppDelegate.m */,
				8D7CB1B71BDF9A4600D282C2 /* ViewController.h */,
				8D7CB1B81BDF9A4600D282C2 /* ViewController.m */,
				8D7CB1BA1BDF9A4600D282C2 /* Main.storyboard */,
				8D7CB1BD1BDF9A4600D282C2 /* Images.xcassets */,
				8D7CB1BF1BDF9A4600D282C2 /* LaunchScreen.xib */,
				8D7CB1B01BDF9A4600D282C2 /* Supporting Files */,
			);
			path = "02按钮的使用介绍";
			sourceTree = "<group>";
		};
		8D7CB1B01BDF9A4600D282C2 /* Supporting Files */ = {
			isa = PBXGroup;
			children = (
				8D7CB1B11BDF9A4600D282C2 /* Info.plist */,
				8D7CB1B21BDF9A4600D282C2 /* main.m */,
			);
			name = "Supporting Files";
			sourceTree = "<group>";
		};
		8D7CB1C91BDF9A4600D282C2 /* 02按钮的使用介绍Tests */ = {
			isa = PBXGroup;
			children = (
				8D7CB1CC1BDF9A4600D282C2 /* _2_______Tests.m */,
				8D7CB1CA1BDF9A4600D282C2 /* Supporting Files */,
			);
			path = "02按钮的使用介绍Tests";
			sourceTree = "<group>";
		};
		8D7CB1CA1BDF9A4600D282C2 /* Supporting Files */ = {
			isa = PBXGroup;
			children = (
				8D7CB1CB1BDF9A4600D282C2 /* Info.plist */,
			);
			name = "Supporting Files";
			sourceTree = "<group>";
		};
/* End PBXGroup section */

/* Begin PBXNativeTarget section */
		8D7CB1AC1BDF9A4600D282C2 /* 02按钮的使用介绍 */ = {
			isa = PBXNativeTarget;
			buildConfigurationList = 8D7CB1D01BDF9A4600D282C2 /* Build configuration list for PBXNativeTarget "02按钮的使用介绍" */;
			buildPhases = (
				8D7CB1A91BDF9A4600D282C2 /* Sources */,
				8D7CB1AA1BDF9A4600D282C2 /* Frameworks */,
				8D7CB1AB1BDF9A4600D282C2 /* Resources */,
			);
			buildRules = (
			);
			dependencies = (
			);
			name = "02按钮的使用介绍";
			productName = "02按钮的使用介绍";
			productReference = 8D7CB1AD1BDF9A4600D282C2 /* 02按钮的使用介绍.app */;
			productType = "com.apple.product-type.application";
		};
		8D7CB1C51BDF9A4600D282C2 /* 02按钮的使用介绍Tests */ = {
			isa = PBXNativeTarget;
			buildConfigurationList = 8D7CB1D31BDF9A4600D282C2 /* Build configuration list for PBXNativeTarget "02按钮的使用介绍Tests" */;
			buildPhases = (
				8D7CB1C21BDF9A4600D282C2 /* Sources */,
				8D7CB1C31BDF9A4600D282C2 /* Frameworks */,
				8D7CB1C41BDF9A4600D282C2 /* Resources */,
			);
			buildRules = (
			);
			dependencies = (
				8D7CB1C81BDF9A4600D282C2 /* PBXTargetDependency */,
			);
			name = "02按钮的使用介绍Tests";
			productName = "02按钮的使用介绍Tests";
			productReference = 8D7CB1C61BDF9A4600D282C2 /* 02按钮的使用介绍Tests.xctest */;
			productType = "com.apple.product-type.bundle.unit-test";
		};
/* End PBXNativeTarget section */

/* Begin PBXProject section */
		8D7CB1A51BDF9A4600D282C2 /* Project object */ = {
			isa = PBXProject;
			attributes = {
				LastUpgradeCheck = 0640;
				ORGANIZATIONNAME = yezhimin;
				TargetAttributes = {
					8D7CB1AC1BDF9A4600D282C2 = {
						CreatedOnToolsVersion = 6.4;
					};
					8D7CB1C51BDF9A4600D282C2 = {
						CreatedOnToolsVersion = 6.4;
						TestTargetID = 8D7CB1AC1BDF9A4600D282C2;
					};
				};
			};
			buildConfigurationList = 8D7CB1A81BDF9A4600D282C2 /* Build configuration list for PBXProject "02按钮的使用介绍" */;
			compatibilityVersion = "Xcode 3.2";
			developmentRegion = English;
			hasScannedForEncodings = 0;
			knownRegions = (
				en,
				Base,
			);
			mainGroup = 8D7CB1A41BDF9A4600D282C2;
			productRefGroup = 8D7CB1AE1BDF9A4600D282C2 /* Products */;
			projectDirPath = "";
			projectRoot = "";
			targets = (
				8D7CB1AC1BDF9A4600D282C2 /* 02按钮的使用介绍 */,
				8D7CB1C51BDF9A4600D282C2 /* 02按钮的使用介绍Tests */,
			);
		};
/* End PBXProject section */

/* Begin PBXResourcesBuildPhase section */
		8D7CB1AB1BDF9A4600D282C2 /* Resources */ = {
			isa = PBXResourcesBuildPhase;
			buildActionMask = 2147483647;
			files = (
				8D7CB1BC1BDF9A4600D282C2 /* Main.storyboard in Resources */,
				8D7CB1C11BDF9A4600D282C2 /* LaunchScreen.xib in Resources */,
				8D7CB1BE1BDF9A4600D282C2 /* Images.xcassets in Resources */,
			);
			runOnlyForDeploymentPostprocessing = 0;
		};
		8D7CB1C41BDF9A4600D282C2 /* Resources */ = {
			isa = PBXResourcesBuildPhase;
			buildActionMask = 2147483647;
			files = (
			);
			runOnlyForDeploymentPostprocessing = 0;
		};
/* End PBXResourcesBuildPhase section */

/* Begin PBXSourcesBuildPhase section */
		8D7CB1A91BDF9A4600D282C2 /* Sources */ = {
			isa = PBXSourcesBuildPhase;
			buildActionMask = 2147483647;
			files = (
				8D7CB1B91BDF9A4600D282C2 /* ViewController.m in Sources */,
				8D7CB1B61BDF9A4600D282C2 /* AppDelegate.m in Sources */,
				8D7CB1B31BDF9A4600D282C2 /* main.m in Sources */,
			);
			runOnlyForDeploymentPostprocessing = 0;
		};
		8D7CB1C21BDF9A4600D282C2 /* Sources */ = {
			isa = PBXSourcesBuildPhase;
			buildActionMask = 2147483647;
			files = (
				8D7CB1CD1BDF9A4600D282C2 /* _2_______Tests.m in Sources */,
			);
			runOnlyForDeploymentPostprocessing = 0;
		};
/* End PBXSourcesBuildPhase section */

/* Begin PBXTargetDependency section */
		8D7CB1C81BDF9A4600D282C2 /* PBXTargetDependency */ = {
			isa = PBXTargetDependency;
			target = 8D7CB1AC1BDF9A4600D282C2 /* 02按钮的使用介绍 */;
			targetProxy = 8D7CB1C71BDF9A4600D282C2 /* PBXContainerItemProxy */;
		};
/* End PBXTargetDependency section */

/* Begin PBXVariantGroup section */
		8D7CB1BA1BDF9A4600D282C2 /* Main.storyboard */ = {
			isa = PBXVariantGroup;
			children = (
				8D7CB1BB1BDF9A4600D282C2 /* Base */,
			);
			name = Main.storyboard;
			sourceTree = "<group>";
		};
		8D7CB1BF1BDF9A4600D282C2 /* LaunchScreen.xib */ = {
			isa = PBXVariantGroup;
			children = (
				8D7CB1C01BDF9A4600D282C2 /* Base */,
			);
			name = LaunchScreen.xib;
			sourceTree = "<group>";
		};
/* End PBXVariantGroup section */

/* Begin XCBuildConfiguration section */
		8D7CB1CE1BDF9A4600D282C2 /* Debug */ = {
			isa = XCBuildConfiguration;
			buildSettings = {
				ALWAYS_SEARCH_USER_PATHS = NO;
				CLANG_CXX_LANGUAGE_STANDARD = "gnu++0x";
				CLANG_CXX_LIBRARY = "libc++";
				CLANG_ENABLE_MODULES = YES;
				CLANG_ENABLE_OBJC_ARC = YES;
				CLANG_WARN_BOOL_CONVERSION = YES;
				CLANG_WARN_CONSTANT_CONVERSION = YES;
				CLANG_WARN_DIRECT_OBJC_ISA_USAGE = YES_ERROR;
				CLANG_WARN_EMPTY_BODY = YES;
				CLANG_WARN_ENUM_CONVERSION = YES;
				CLANG_WARN_INT_CONVERSION = YES;
				CLANG_WARN_OBJC_ROOT_CLASS = YES_ERROR;
				CLANG_WARN_UNREACHABLE_CODE = YES;
				CLANG_WARN__DUPLICATE_METHOD_MATCH = YES;
				"CODE_SIGN_IDENTITY[sdk=iphoneos*]" = "iPhone Developer";
				COPY_PHASE_STRIP = NO;
				DEBUG_INFORMATION_FORMAT = "dwarf-with-dsym";
				ENABLE_STRICT_OBJC_MSGSEND = YES;
				GCC_C_LANGUAGE_STANDARD = gnu99;
				GCC_DYNAMIC_NO_PIC = NO;
				GCC_NO_COMMON_BLOCKS = YES;
				GCC_OPTIMIZATION_LEVEL = 0;
				GCC_PREPROCESSOR_DEFINITIONS = (
					"DEBUG=1",
					"$(inherited)",
				);
				GCC_SYMBOLS_PRIVATE_EXTERN = NO;
				GCC_WARN_64_TO_32_BIT_CONVERSION = YES;
				GCC_WARN_ABOUT_RETURN_TYPE = YES_ERROR;
				GCC_WARN_UNDECLARED_SELECTOR = YES;
				GCC_WARN_UNINITIALIZED_AUTOS = YES_AGGRESSIVE;
				GCC_WARN_UNUSED_FUNCTION = YES;
				GCC_WARN_UNUSED_VARIABLE = YES;
				IPHONEOS_DEPLOYMENT_TARGET = 8.4;
				MTL_ENABLE_DEBUG_INFO = YES;
				ONLY_ACTIVE_ARCH = YES;
				SDKROOT = iphoneos;
			};
			name = Debug;
		};
		8D7CB1CF1BDF9A4600D282C2 /* Release */ = {
			isa = XCBuildConfiguration;
			buildSettings = {
				ALWAYS_SEARCH_USER_PATHS = NO;
				CLANG_CXX_LANGUAGE_STANDARD = "gnu++0x";
				CLANG_CXX_LIBRARY = "libc++";
				CLANG_ENABLE_MODULES = YES;
				CLANG_ENABLE_OBJC_ARC = YES;
				CLANG_WARN_BOOL_CONVERSION = YES;
				CLANG_WARN_CONSTANT_CONVERSION = YES;
				CLANG_WARN_DIRECT_OBJC_ISA_USAGE = YES_ERROR;
				CLANG_WARN_EMPTY_BODY = YES;
				CLANG_WARN_ENUM_CONVERSION = YES;
				CLANG_WARN_INT_CONVERSION = YES;
				CLANG_WARN_OBJC_ROOT_CLASS = YES_ERROR;
				CLANG_WARN_UNREACHABLE_CODE = YES;
				CLANG_WARN__DUPLICATE_METHOD_MATCH = YES;
				"CODE_SIGN_IDENTITY[sdk=iphoneos*]" = "iPhone Developer";
				COPY_PHASE_STRIP = NO;
				DEBUG_INFORMATION_FORMAT = "dwarf-with-dsym";
				ENABLE_NS_ASSERTIONS = NO;
				ENABLE_STRICT_OBJC_MSGSEND = YES;
				GCC_C_LANGUAGE_STANDARD = gnu99;
				GCC_NO_COMMON_BLOCKS = YES;
				GCC_WARN_64_TO_32_BIT_CONVERSION = YES;
				GCC_WARN_ABOUT_RETURN_TYPE = YES_ERROR;
				GCC_WARN_UNDECLARED_SELECTOR = YES;
				GCC_WARN_UNINITIALIZED_AUTOS = YES_AGGRESSIVE;
				GCC_WARN_UNUSED_FUNCTION = YES;
				GCC_WARN_UNUSED_VARIABLE = YES;
				IPHONEOS_DEPLOYMENT_TARGET = 8.4;
				MTL_ENABLE_DEBUG_INFO = NO;
				SDKROOT = iphoneos;
				VALIDATE_PRODUCT = YES;
			};
			name = Release;
		};
		8D7CB1D11BDF9A4600D282C2 /* Debug */ = {
			isa = XCBuildConfiguration;
			buildSettings = {
				ASSETCATALOG_COMPILER_APPICON_NAME = AppIcon;
				INFOPLIST_FILE = "02按钮的使用介绍/Info.plist";
				LD_RUNPATH_SEARCH_PATHS = "$(inherited) @executable_path/Frameworks";
				PRODUCT_NAME = "$(TARGET_NAME)";
			};
			name = Debug;
		};
		8D7CB1D21BDF9A4600D282C2 /* Release */ = {
			isa = XCBuildConfiguration;
			buildSettings = {
				ASSETCATALOG_COMPILER_APPICON_NAME = AppIcon;
				INFOPLIST_FILE = "02按钮的使用介绍/Info.plist";
				LD_RUNPATH_SEARCH_PATHS = "$(inherited) @executable_path/Frameworks";
				PRODUCT_NAME = "$(TARGET_NAME)";
			};
			name = Release;
		};
		8D7CB1D41BDF9A4600D282C2 /* Debug */ = {
			isa = XCBuildConfiguration;
			buildSettings = {
				BUNDLE_LOADER = "$(TEST_HOST)";
				FRAMEWORK_SEARCH_PATHS = (
					"$(SDKROOT)/Developer/Library/Frameworks",
					"$(inherited)",
				);
				GCC_PREPROCESSOR_DEFINITIONS = (
					"DEBUG=1",
					"$(inherited)",
				);
				INFOPLIST_FILE = "02按钮的使用介绍Tests/Info.plist";
				LD_RUNPATH_SEARCH_PATHS = "$(inherited) @executable_path/Frameworks @loader_path/Frameworks";
				PRODUCT_NAME = "$(TARGET_NAME)";
				TEST_HOST = "$(BUILT_PRODUCTS_DIR)/02按钮的使用介绍.app/02按钮的使用介绍";
			};
			name = Debug;
		};
		8D7CB1D51BDF9A4600D282C2 /* Release */ = {
			isa = XCBuildConfiguration;
			buildSettings = {
				BUNDLE_LOADER = "$(TEST_HOST)";
				FRAMEWORK_SEARCH_PATHS = (
					"$(SDKROOT)/Developer/Library/Frameworks",
					"$(inherited)",
				);
				INFOPLIST_FILE = "02按钮的使用介绍Tests/Info.plist";
				LD_RUNPATH_SEARCH_PATHS = "$(inherited) @executable_path/Frameworks @loader_path/Frameworks";
				PRODUCT_NAME = "$(TARGET_NAME)";
				TEST_HOST = "$(BUILT_PRODUCTS_DIR)/02按钮的使用介绍.app/02按钮的使用介绍";
			};
			name = Release;
		};
/* End XCBuildConfiguration section */

/* Begin XCConfigurationList section */
		8D7CB1A81BDF9A4600D282C2 /* Build configuration list for PBXProject "02按钮的使用介绍" */ = {
			isa = XCConfigurationList;
			buildConfigurations = (
				8D7CB1CE1BDF9A4600D282C2 /* Debug */,
				8D7CB1CF1BDF9A4600D282C2 /* Release */,
			);
			defaultConfigurationIsVisible = 0;
			defaultConfigurationName = Release;
		};
		8D7CB1D01BDF9A4600D282C2 /* Build configuration list for PBXNativeTarget "02按钮的使用介绍" */ = {
			isa = XCConfigurationList;
			buildConfigurations = (
				8D7CB1D11BDF9A4600D282C2 /* Debug */,
				8D7CB1D21BDF9A4600D282C2 /* Release */,
			);
			defaultConfigurationIsVisible = 0;
		};
		8D7CB1D31BDF9A4600D282C2 /* Build configuration list for PBXNativeTarget "02按钮的使用介绍Tests" */ = {
			isa = XCConfigurationList;
			buildConfigurations = (
				8D7CB1D41BDF9A4600D282C2 /* Debug */,
				8D7CB1D51BDF9A4600D282C2 /* Release */,
			);
			defaultConfigurationIsVisible = 0;
		};
/* End XCConfigurationList section */
	};
	rootObject = 8D7CB1A51BDF9A4600D282C2 /* Project object */;
}
